{
  "name": "chromesthesia",
  "lockfileVersion": 3,
  "requires": true,
  "packages": {
    "": {
      "dependencies": {
        "cropperjs": "^2.0.0-beta.4"
      }
    },
    "node_modules/@cropper/element": {
      "version": "2.0.0-beta.4",
      "resolved": "https://registry.npmjs.org/@cropper/element/-/element-2.0.0-beta.4.tgz",
      "integrity": "sha512-1P8Vm9+OqTQz4B/rEA0t8xmzKUkYyxzxTiOaDMPKjKbG2R3UZgJBWRzvTgTsDudld9vlR6FfXpDBU1ZWA1BWxQ==",
      "dependencies": {
        "@cropper/utils": "^2.0.0-beta.4"
      }
    },
    "node_modules/@cropper/element-canvas": {
      "version": "2.0.0-beta.4",
      "resolved": "https://registry.npmjs.org/@cropper/element-canvas/-/element-canvas-2.0.0-beta.4.tgz",
      "integrity": "sha512-xL7k5YgtbCLdR/QEj81An4HpPcBTJXf1lq+2xisyHALGeUKQXjA9cJQL7bldYscHAKjmFgNZ5xOMrNaYM++qZw==",
      "dependencies": {
        "@cropper/element": "^2.0.0-beta.4",
        "@cropper/utils": "^2.0.0-beta.4"
      }
    },
    "node_modules/@cropper/element-crosshair": {
      "version": "2.0.0-beta.4",
      "resolved": "https://registry.npmjs.org/@cropper/element-crosshair/-/element-crosshair-2.0.0-beta.4.tgz",
      "integrity": "sha512-NiwIQZFh963i3E3QbXFiU9oNqs+P1cLJur3+e+DK0E3oLTa7rEfcigP/ZoMj/3DZ9Et0LPhKKRDY2SJ8ZszyPA==",
      "dependencies": {
        "@cropper/element": "^2.0.0-beta.4",
        "@cropper/utils": "^2.0.0-beta.4"
      }
    },
    "node_modules/@cropper/element-grid": {
      "version": "2.0.0-beta.4",
      "resolved": "https://registry.npmjs.org/@cropper/element-grid/-/element-grid-2.0.0-beta.4.tgz",
      "integrity": "sha512-uMVVNk1SICwM2nA/7BHkyEojc0DAqsDFIUnC/sIGPtNf3fe5hYQyukby8BEPO7dlqzfIXYmnxacgLaPM9BZ7GQ==",
      "dependencies": {
        "@cropper/element": "^2.0.0-beta.4",
        "@cropper/utils": "^2.0.0-beta.4"
      }
    },
    "node_modules/@cropper/element-handle": {
      "version": "2.0.0-beta.4",
      "resolved": "https://registry.npmjs.org/@cropper/element-handle/-/element-handle-2.0.0-beta.4.tgz",
      "integrity": "sha512-PHjC4ptBi0leQ82mPWvivNilNOpiBnV90ueqz99tli8f9bQobx+Os7dzKFwLIpj4WKCNRYhyEvxf1KuKhQisIg==",
      "dependencies": {
        "@cropper/element": "^2.0.0-beta.4",
        "@cropper/utils": "^2.0.0-beta.4"
      }
    },
    "node_modules/@cropper/element-image": {
      "version": "2.0.0-beta.4",
      "resolved": "https://registry.npmjs.org/@cropper/element-image/-/element-image-2.0.0-beta.4.tgz",
      "integrity": "sha512-Nu5z5EFpyOEC2CAdhNZGfvpG9Xj6ZD46jvpJGKxsel7J7Kqf4qy+5m6nNdq2J+lK7YfTi16svkHeFwzNWZYLAA==",
      "dependencies": {
        "@cropper/element": "^2.0.0-beta.4",
        "@cropper/element-canvas": "^2.0.0-beta.4",
        "@cropper/utils": "^2.0.0-beta.4"
      }
    },
    "node_modules/@cropper/element-selection": {
      "version": "2.0.0-beta.4",
      "resolved": "https://registry.npmjs.org/@cropper/element-selection/-/element-selection-2.0.0-beta.4.tgz",
      "integrity": "sha512-wHZhWI80cC5TfFHI/2HT1A+ZbHifnAO+/IAr4IqkbaxtDZ9duqEvM2hhC+ZXgB3BYqVidAJNwpSnZkVK+DlJ6A==",
      "dependencies": {
        "@cropper/element": "^2.0.0-beta.4",
        "@cropper/element-canvas": "^2.0.0-beta.4",
        "@cropper/element-image": "^2.0.0-beta.4",
        "@cropper/utils": "^2.0.0-beta.4"
      }
    },
    "node_modules/@cropper/element-shade": {
      "version": "2.0.0-beta.4",
      "resolved": "https://registry.npmjs.org/@cropper/element-shade/-/element-shade-2.0.0-beta.4.tgz",
      "integrity": "sha512-sTFTzlmu+Z31Hp7RHgUAxfDsRIQ/uG8RueOBBHLeKVGFZbYhsIElQaLcVDwebgqXLHVr9imCEvvIX11JeTqiTQ==",
      "dependencies": {
        "@cropper/element": "^2.0.0-beta.4",
        "@cropper/element-canvas": "^2.0.0-beta.4",
        "@cropper/element-selection": "^2.0.0-beta.4",
        "@cropper/utils": "^2.0.0-beta.4"
      }
    },
    "node_modules/@cropper/element-viewer": {
      "version": "2.0.0-beta.4",
      "resolved": "https://registry.npmjs.org/@cropper/element-viewer/-/element-viewer-2.0.0-beta.4.tgz",
      "integrity": "sha512-bXW8OuezoHjyGFmQzX1QEj3OqvmSZwaLiQts+mVhcarYqAEVrK9s/bC/OqZKR2ZKkHeaiGWq+rTOBVAmhZja/A==",
      "dependencies": {
        "@cropper/element": "^2.0.0-beta.4",
        "@cropper/element-canvas": "^2.0.0-beta.4",
        "@cropper/element-image": "^2.0.0-beta.4",
        "@cropper/element-selection": "^2.0.0-beta.4",
        "@cropper/utils": "^2.0.0-beta.4"
      }
    },
    "node_modules/@cropper/elements": {
      "version": "2.0.0-beta.4",
      "resolved": "https://registry.npmjs.org/@cropper/elements/-/elements-2.0.0-beta.4.tgz",
      "integrity": "sha512-cXKNFwudKcFrxn75VU9nLWNpjUnHcY0rUvtLn+2YVOLAnCTFLlu+azjOW1XZJ01FAEcC62Itb4CvDae+qgDpcQ==",
      "dependencies": {
        "@cropper/element": "^2.0.0-beta.4",
        "@cropper/element-canvas": "^2.0.0-beta.4",
        "@cropper/element-crosshair": "^2.0.0-beta.4",
        "@cropper/element-grid": "^2.0.0-beta.4",
        "@cropper/element-handle": "^2.0.0-beta.4",
        "@cropper/element-image": "^2.0.0-beta.4",
        "@cropper/element-selection": "^2.0.0-beta.4",
        "@cropper/element-shade": "^2.0.0-beta.4",
        "@cropper/element-viewer": "^2.0.0-beta.4"
      }
    },
    "node_modules/@cropper/utils": {
      "version": "2.0.0-beta.4",
      "resolved": "https://registry.npmjs.org/@cropper/utils/-/utils-2.0.0-beta.4.tgz",
      "integrity": "sha512-mrUTA3LbEq1Y3nPTC5X6koTd2Dk8P+6xTuhp4P8X3mg5Z7d8AVK+0OU5kbB49OLAaEfvGEqbZJ84rLwgMy9RHw=="
    },
    "node_modules/cropperjs": {
      "version": "2.0.0-beta.4",
      "resolved": "https://registry.npmjs.org/cropperjs/-/cropperjs-2.0.0-beta.4.tgz",
      "integrity": "sha512-tWIQnvbou6eJvQkajwhGLOOEw03dM/i23FmnUQtMKjuzbTDSMP61kcwM77Uit8MXEWcUb5PH8n4jawyrFvj5ag==",
      "dependencies": {
        "@cropper/elements": "^2.0.0-beta.4",
        "@cropper/utils": "^2.0.0-beta.4"
      }
    }
  }
}
